
Microsoft Visual Studio Solution File, Format Version 12.00
# Visual Studio 15
VisualStudioVersion = 15.0.28307.1831
MinimumVisualStudioVersion = 10.0.40219.1
Project("{FAE04EC0-301F-11D3-BF4B-00C04F79EFBC}") = "SCXFModel", "SCXFModel\SCXFModel.csproj", "{307D336D-CDD0-445A-BD65-969D7A129DAB}"
EndProject
Global
	GlobalSection(SolutionConfigurationPlatforms) = preSolution
		Debug|Any CPU = Debug|Any CPU
		Release|Any CPU = Release|Any CPU
	EndGlobalSection
	GlobalSection(ProjectConfigurationPlatforms) = postSolution
		{307D336D-CDD0-445A-BD65-969D7A129DAB}.Debug|Any CPU.ActiveCfg = Debug|Any CPU
		{307D336D-CDD0-445A-BD65-969D7A129DAB}.Debug|Any CPU.Build.0 = Debug|Any CPU
		{307D336D-CDD0-445A-BD65-969D7A129DAB}.Release|Any CPU.ActiveCfg = Release|Any CPU
		{307D336D-CDD0-445A-BD65-969D7A129DAB}.Release|Any CPU.Build.0 = Release|Any CPU
	EndGlobalSection
	GlobalSection(SolutionProperties) = preSolution
		HideSolutionNode = FALSE
	EndGlobalSection
	GlobalSection(ExtensibilityGlobals) = postSolution
		SolutionGuid = {AFEF6F1D-5A74-42DB-82CB-E86042CBCEBA}
	EndGlobalSection
EndGlobal
